
Microsoft Visual Studio Solution File, Format Version 12.00
# Visual Studio Version 17
VisualStudioVersion = 17.8.34322.80
MinimumVisualStudioVersion = 10.0.40219.1
Project("{9A19103F-16F7-4668-BE54-9A1E7A4F7556}") = "Day1", "D:\AoC2023\Day1\Day1.csproj", "{04026F37-1B5E-439A-BA79-D88779FB7FC4}"
EndProject
Project("{2150E333-8FDC-42A3-9474-1A3956D46DE8}") = "Solution Items", "Solution Items", "{3BB66F48-0F10-4090-B5EB-8506A9A7109A}"
	ProjectSection(SolutionItems) = preProject
		InputFiles\Day1.txt = InputFiles\Day1.txt
		InputFiles\Day10.txt = InputFiles\Day10.txt
		InputFiles\Day11.txt = InputFiles\Day11.txt
		InputFiles\Day2.txt = InputFiles\Day2.txt
		InputFiles\Day3.txt = InputFiles\Day3.txt
		InputFiles\Day4.txt = InputFiles\Day4.txt
		InputFiles\Day5.txt = InputFiles\Day5.txt
		InputFiles\Day6.txt = InputFiles\Day6.txt
		InputFiles\Day7.txt = InputFiles\Day7.txt
		InputFiles\Day8.txt = InputFiles\Day8.txt
		InputFiles\Day9.txt = InputFiles\Day9.txt
	EndProjectSection
EndProject
Project("{9A19103F-16F7-4668-BE54-9A1E7A4F7556}") = "Day2", "Day2\Day2.csproj", "{ABD72486-C6C7-4266-A31E-D9AB6A969F75}"
EndProject
Project("{9A19103F-16F7-4668-BE54-9A1E7A4F7556}") = "Day3", "Day3\Day3.csproj", "{B6BA8B62-130F-4749-9347-D7DE48B00266}"
EndProject
Project("{9A19103F-16F7-4668-BE54-9A1E7A4F7556}") = "Day4", "Day4\Day4.csproj", "{165A4468-87B9-4F2F-B707-6C669499BBD5}"
EndProject
Project("{9A19103F-16F7-4668-BE54-9A1E7A4F7556}") = "Day5", "Day5\Day5.csproj", "{3CC6BA6F-2914-470F-8E0D-E93286C1E8D9}"
EndProject
Project("{9A19103F-16F7-4668-BE54-9A1E7A4F7556}") = "Day6", "Day6\Day6.csproj", "{60E871B4-42EA-4E61-966F-FD4270A788C9}"
EndProject
Project("{9A19103F-16F7-4668-BE54-9A1E7A4F7556}") = "Day7", "Day7\Day7.csproj", "{303D30DD-935A-4350-A37B-DF8474FC984D}"
EndProject
Project("{9A19103F-16F7-4668-BE54-9A1E7A4F7556}") = "Day8", "Day8\Day8.csproj", "{0DEDE2BE-BA6D-4646-BF42-B6133E646E03}"
EndProject
Project("{9A19103F-16F7-4668-BE54-9A1E7A4F7556}") = "Day9", "Day9\Day9.csproj", "{866D40EC-437B-4B04-8B22-5CB544B6B4FE}"
EndProject
Project("{FAE04EC0-301F-11D3-BF4B-00C04F79EFBC}") = "Day10", "Day10\Day10.csproj", "{7CD4AB6A-7D16-41E1-9D10-D9569831E239}"
EndProject
Global
	GlobalSection(SolutionConfigurationPlatforms) = preSolution
		Debug|Any CPU = Debug|Any CPU
		Release|Any CPU = Release|Any CPU
	EndGlobalSection
	GlobalSection(ProjectConfigurationPlatforms) = postSolution
		{04026F37-1B5E-439A-BA79-D88779FB7FC4}.Debug|Any CPU.ActiveCfg = Debug|Any CPU
		{04026F37-1B5E-439A-BA79-D88779FB7FC4}.Debug|Any CPU.Build.0 = Debug|Any CPU
		{04026F37-1B5E-439A-BA79-D88779FB7FC4}.Release|Any CPU.ActiveCfg = Release|Any CPU
		{04026F37-1B5E-439A-BA79-D88779FB7FC4}.Release|Any CPU.Build.0 = Release|Any CPU
		{ABD72486-C6C7-4266-A31E-D9AB6A969F75}.Debug|Any CPU.ActiveCfg = Debug|Any CPU
		{ABD72486-C6C7-4266-A31E-D9AB6A969F75}.Debug|Any CPU.Build.0 = Debug|Any CPU
		{ABD72486-C6C7-4266-A31E-D9AB6A969F75}.Release|Any CPU.ActiveCfg = Release|Any CPU
		{ABD72486-C6C7-4266-A31E-D9AB6A969F75}.Release|Any CPU.Build.0 = Release|Any CPU
		{B6BA8B62-130F-4749-9347-D7DE48B00266}.Debug|Any CPU.ActiveCfg = Debug|Any CPU
		{B6BA8B62-130F-4749-9347-D7DE48B00266}.Debug|Any CPU.Build.0 = Debug|Any CPU
		{B6BA8B62-130F-4749-9347-D7DE48B00266}.Release|Any CPU.ActiveCfg = Release|Any CPU
		{B6BA8B62-130F-4749-9347-D7DE48B00266}.Release|Any CPU.Build.0 = Release|Any CPU
		{165A4468-87B9-4F2F-B707-6C669499BBD5}.Debug|Any CPU.ActiveCfg = Debug|Any CPU
		{165A4468-87B9-4F2F-B707-6C669499BBD5}.Debug|Any CPU.Build.0 = Debug|Any CPU
		{165A4468-87B9-4F2F-B707-6C669499BBD5}.Release|Any CPU.ActiveCfg = Release|Any CPU
		{165A4468-87B9-4F2F-B707-6C669499BBD5}.Release|Any CPU.Build.0 = Release|Any CPU
		{3CC6BA6F-2914-470F-8E0D-E93286C1E8D9}.Debug|Any CPU.ActiveCfg = Debug|Any CPU
		{3CC6BA6F-2914-470F-8E0D-E93286C1E8D9}.Debug|Any CPU.Build.0 = Debug|Any CPU
		{3CC6BA6F-2914-470F-8E0D-E93286C1E8D9}.Release|Any CPU.ActiveCfg = Release|Any CPU
		{3CC6BA6F-2914-470F-8E0D-E93286C1E8D9}.Release|Any CPU.Build.0 = Release|Any CPU
		{60E871B4-42EA-4E61-966F-FD4270A788C9}.Debug|Any CPU.ActiveCfg = Debug|Any CPU
		{60E871B4-42EA-4E61-966F-FD4270A788C9}.Debug|Any CPU.Build.0 = Debug|Any CPU
		{60E871B4-42EA-4E61-966F-FD4270A788C9}.Release|Any CPU.ActiveCfg = Release|Any CPU
		{60E871B4-42EA-4E61-966F-FD4270A788C9}.Release|Any CPU.Build.0 = Release|Any CPU
		{303D30DD-935A-4350-A37B-DF8474FC984D}.Debug|Any CPU.ActiveCfg = Debug|Any CPU
		{303D30DD-935A-4350-A37B-DF8474FC984D}.Debug|Any CPU.Build.0 = Debug|Any CPU
		{303D30DD-935A-4350-A37B-DF8474FC984D}.Release|Any CPU.ActiveCfg = Release|Any CPU
		{303D30DD-935A-4350-A37B-DF8474FC984D}.Release|Any CPU.Build.0 = Release|Any CPU
		{0DEDE2BE-BA6D-4646-BF42-B6133E646E03}.Debug|Any CPU.ActiveCfg = Debug|Any CPU
		{0DEDE2BE-BA6D-4646-BF42-B6133E646E03}.Debug|Any CPU.Build.0 = Debug|Any CPU
		{0DEDE2BE-BA6D-4646-BF42-B6133E646E03}.Release|Any CPU.ActiveCfg = Release|Any CPU
		{0DEDE2BE-BA6D-4646-BF42-B6133E646E03}.Release|Any CPU.Build.0 = Release|Any CPU
		{866D40EC-437B-4B04-8B22-5CB544B6B4FE}.Debug|Any CPU.ActiveCfg = Debug|Any CPU
		{866D40EC-437B-4B04-8B22-5CB544B6B4FE}.Debug|Any CPU.Build.0 = Debug|Any CPU
		{866D40EC-437B-4B04-8B22-5CB544B6B4FE}.Release|Any CPU.ActiveCfg = Release|Any CPU
		{866D40EC-437B-4B04-8B22-5CB544B6B4FE}.Release|Any CPU.Build.0 = Release|Any CPU
		{7CD4AB6A-7D16-41E1-9D10-D9569831E239}.Debug|Any CPU.ActiveCfg = Debug|Any CPU
		{7CD4AB6A-7D16-41E1-9D10-D9569831E239}.Debug|Any CPU.Build.0 = Debug|Any CPU
		{7CD4AB6A-7D16-41E1-9D10-D9569831E239}.Release|Any CPU.ActiveCfg = Release|Any CPU
		{7CD4AB6A-7D16-41E1-9D10-D9569831E239}.Release|Any CPU.Build.0 = Release|Any CPU
	EndGlobalSection
	GlobalSection(SolutionProperties) = preSolution
		HideSolutionNode = FALSE
	EndGlobalSection
	GlobalSection(ExtensibilityGlobals) = postSolution
		SolutionGuid = {4A2165B2-CBB9-40BE-A57B-2F71E3AF3DE1}
	EndGlobalSection
EndGlobal
